
Microsoft Visual Studio Solution File, Format Version 12.00
# Visual Studio Version 17
VisualStudioVersion = 17.14.36603.0
MinimumVisualStudioVersion = 10.0.40219.1
Project("{FAE04EC0-301F-11D3-BF4B-00C04F79EFBC}") = "ToDoList.API", "ToDoList.API\ToDoList.API.csproj", "{56982946-A9DE-4390-BE64-A9983F18A042}"
	ProjectSection(ProjectDependencies) = postProject
		{8863D36F-F8AC-4B2D-A8F3-9FFB9A20407B} = {8863D36F-F8AC-4B2D-A8F3-9FFB9A20407B}
		{A81245C2-EC33-43C2-9D80-0AF46CA01327} = {A81245C2-EC33-43C2-9D80-0AF46CA01327}
	EndProjectSection
EndProject
Project("{FAE04EC0-301F-11D3-BF4B-00C04F79EFBC}") = "ToDoList.Domain", "ToDoList.Domain\ToDoList.Domain.csproj", "{8863D36F-F8AC-4B2D-A8F3-9FFB9A20407B}"
EndProject
Project("{FAE04EC0-301F-11D3-BF4B-00C04F79EFBC}") = "ToDoList.Infrastructure", "ToDoList.Infrastructure\ToDoList.Infrastructure.csproj", "{4D18E6D7-2804-4A6C-B21D-C0B49DE70A65}"
EndProject
Project("{FAE04EC0-301F-11D3-BF4B-00C04F79EFBC}") = "ToDoList.Application", "ToDoList.Application\ToDoList.Application.csproj", "{A81245C2-EC33-43C2-9D80-0AF46CA01327}"
EndProject
Global
	GlobalSection(SolutionConfigurationPlatforms) = preSolution
		Debug|Any CPU = Debug|Any CPU
		Release|Any CPU = Release|Any CPU
	EndGlobalSection
	GlobalSection(ProjectConfigurationPlatforms) = postSolution
		{56982946-A9DE-4390-BE64-A9983F18A042}.Debug|Any CPU.ActiveCfg = Debug|Any CPU
		{56982946-A9DE-4390-BE64-A9983F18A042}.Debug|Any CPU.Build.0 = Debug|Any CPU
		{56982946-A9DE-4390-BE64-A9983F18A042}.Release|Any CPU.ActiveCfg = Release|Any CPU
		{56982946-A9DE-4390-BE64-A9983F18A042}.Release|Any CPU.Build.0 = Release|Any CPU
		{8863D36F-F8AC-4B2D-A8F3-9FFB9A20407B}.Debug|Any CPU.ActiveCfg = Debug|Any CPU
		{8863D36F-F8AC-4B2D-A8F3-9FFB9A20407B}.Debug|Any CPU.Build.0 = Debug|Any CPU
		{8863D36F-F8AC-4B2D-A8F3-9FFB9A20407B}.Release|Any CPU.ActiveCfg = Release|Any CPU
		{8863D36F-F8AC-4B2D-A8F3-9FFB9A20407B}.Release|Any CPU.Build.0 = Release|Any CPU
		{4D18E6D7-2804-4A6C-B21D-C0B49DE70A65}.Debug|Any CPU.ActiveCfg = Debug|Any CPU
		{4D18E6D7-2804-4A6C-B21D-C0B49DE70A65}.Debug|Any CPU.Build.0 = Debug|Any CPU
		{4D18E6D7-2804-4A6C-B21D-C0B49DE70A65}.Release|Any CPU.ActiveCfg = Release|Any CPU
		{4D18E6D7-2804-4A6C-B21D-C0B49DE70A65}.Release|Any CPU.Build.0 = Release|Any CPU
		{A81245C2-EC33-43C2-9D80-0AF46CA01327}.Debug|Any CPU.ActiveCfg = Debug|Any CPU
		{A81245C2-EC33-43C2-9D80-0AF46CA01327}.Debug|Any CPU.Build.0 = Debug|Any CPU
		{A81245C2-EC33-43C2-9D80-0AF46CA01327}.Release|Any CPU.ActiveCfg = Release|Any CPU
		{A81245C2-EC33-43C2-9D80-0AF46CA01327}.Release|Any CPU.Build.0 = Release|Any CPU
	EndGlobalSection
	GlobalSection(SolutionProperties) = preSolution
		HideSolutionNode = FALSE
	EndGlobalSection
	GlobalSection(ExtensibilityGlobals) = postSolution
		SolutionGuid = {3DFF957A-00EC-40B2-9BC3-0803634C0689}
	EndGlobalSection
EndGlobal
